
Microsoft Visual Studio Solution File, Format Version 12.00
# Visual Studio Version 17
VisualStudioVersion = 17.14.36930.0
MinimumVisualStudioVersion = 10.0.40219.1
Project("{FAE04EC0-301F-11D3-BF4B-00C04F79EFBC}") = "Practical work 1", "Practical work 1\Practical work 1.csproj", "{82B05258-C797-4040-8C81-22423A81DFE3}"
EndProject
Project("{2150E333-8FDC-42A3-9474-1A3956D46DE8}") = "Элементы решения", "Элементы решения", "{754FC069-D67B-A9D7-50A1-8D1CA196D8F1}"
	ProjectSection(SolutionItems) = preProject
		.gitignore = .gitignore
	EndProjectSection
EndProject
Project("{FAE04EC0-301F-11D3-BF4B-00C04F79EFBC}") = "Practical work 2", "Practical work 2\Practical work 2.csproj", "{46810F7C-4BAC-40CA-97BF-E55736AB4FEE}"
EndProject
Global
	GlobalSection(SolutionConfigurationPlatforms) = preSolution
		Debug|Any CPU = Debug|Any CPU
		Release|Any CPU = Release|Any CPU
	EndGlobalSection
	GlobalSection(ProjectConfigurationPlatforms) = postSolution
		{82B05258-C797-4040-8C81-22423A81DFE3}.Debug|Any CPU.ActiveCfg = Debug|Any CPU
		{82B05258-C797-4040-8C81-22423A81DFE3}.Debug|Any CPU.Build.0 = Debug|Any CPU
		{82B05258-C797-4040-8C81-22423A81DFE3}.Release|Any CPU.ActiveCfg = Release|Any CPU
		{82B05258-C797-4040-8C81-22423A81DFE3}.Release|Any CPU.Build.0 = Release|Any CPU
		{46810F7C-4BAC-40CA-97BF-E55736AB4FEE}.Debug|Any CPU.ActiveCfg = Debug|Any CPU
		{46810F7C-4BAC-40CA-97BF-E55736AB4FEE}.Debug|Any CPU.Build.0 = Debug|Any CPU
		{46810F7C-4BAC-40CA-97BF-E55736AB4FEE}.Release|Any CPU.ActiveCfg = Release|Any CPU
		{46810F7C-4BAC-40CA-97BF-E55736AB4FEE}.Release|Any CPU.Build.0 = Release|Any CPU
	EndGlobalSection
	GlobalSection(SolutionProperties) = preSolution
		HideSolutionNode = FALSE
	EndGlobalSection
	GlobalSection(ExtensibilityGlobals) = postSolution
		SolutionGuid = {E66E428A-58E8-4D30-9AE4-B84CEB28F8B3}
	EndGlobalSection
EndGlobal
